version = 1
requires-python = ">=3.11"

[[package]]
name = "nfc-reader-writer"
version = "0.1.0"
source = { virtual = "." }
dependencies = [
    { name = "pynfc" },
]

[package.metadata]
requires-dist = [{ name = "pynfc", specifier = ">=0.1.1" }]

[[package]]
name = "pynfc"
version = "0.1.1"
source = { registry = "https://pypi.org/simple" }
sdist = { url = "https://files.pythonhosted.org/packages/08/63/29d09b71ad116e33e659846fabc4e6c662852c37e80d20737af990fb3688/pynfc-0.1.1.tar.gz", hash = "sha256:dca9a7aa364d6bbfa4dc56afb13993263eb41a32f087205601f748ee593a6cac", size = 12216 }
